// !$*UTF8*$!
{
	archiveVersion = 1;
	classes = {
	};
	objectVersion = 46;
	objects = {

/* Begin PBXBuildFile section */
		8434E4131C609504004780B1 /* main.m in Sources */ = {isa = PBXBuildFile; fileRef = 8434E4121C609504004780B1 /* main.m */; };
		8434E4161C609504004780B1 /* AppDelegate.m in Sources */ = {isa = PBXBuildFile; fileRef = 8434E4151C609504004780B1 /* AppDelegate.m */; };
		8434E4191C609504004780B1 /* ViewController.m in Sources */ = {isa = PBXBuildFile; fileRef = 8434E4181C609504004780B1 /* ViewController.m */; };
		8434E41C1C609504004780B1 /* Main.storyboard in Resources */ = {isa = PBXBuildFile; fileRef = 8434E41A1C609504004780B1 /* Main.storyboard */; };
		8434E41E1C609504004780B1 /* Assets.xcassets in Resources */ = {isa = PBXBuildFile; fileRef = 8434E41D1C609504004780B1 /* Assets.xcassets */; };
		8434E4211C609504004780B1 /* LaunchScreen.storyboard in Resources */ = {isa = PBXBuildFile; fileRef = 8434E41F1C609504004780B1 /* LaunchScreen.storyboard */; };
		8434E4291C609568004780B1 /* detail.txt in Resources */ = {isa = PBXBuildFile; fileRef = 8434E4281C609568004780B1 /* detail.txt */; };
		8434E42C1C609622004780B1 /* SHLabel.m in Sources */ = {isa = PBXBuildFile; fileRef = 8434E42B1C609622004780B1 /* SHLabel.m */; };
/* End PBXBuildFile section */

/* Begin PBXFileReference section */
		8434E40E1C609504004780B1 /* SHMenuController.app */ = {isa = PBXFileReference; explicitFileType = wrapper.application; includeInIndex = 0; path = SHMenuController.app; sourceTree = BUILT_PRODUCTS_DIR; };
		8434E4121C609504004780B1 /* main.m */ = {isa = PBXFileReference; lastKnownFileType = sourcecode.c.objc; path = main.m; sourceTree = "<group>"; };
		8434E4141C609504004780B1 /* AppDelegate.h */ = {isa = PBXFileReference; lastKnownFileType = sourcecode.c.h; path = AppDelegate.h; sourceTree = "<group>"; };
		8434E4151C609504004780B1 /* AppDelegate.m */ = {isa = PBXFileReference; lastKnownFileType = sourcecode.c.objc; path = AppDelegate.m; sourceTree = "<group>"; };
		8434E4171C609504004780B1 /* ViewController.h */ = {isa = PBXFileReference; lastKnownFileType = sourcecode.c.h; path = ViewController.h; sourceTree = "<group>"; };
		8434E4181C609504004780B1 /* ViewController.m */ = {isa = PBXFileReference; lastKnownFileType = sourcecode.c.objc; path = ViewController.m; sourceTree = "<group>"; };
		8434E41B1C609504004780B1 /* Base */ = {isa = PBXFileReference; lastKnownFileType = file.storyboard; name = Base; path = Base.lproj/Main.storyboard; sourceTree = "<group>"; };
		8434E41D1C609504004780B1 /* Assets.xcassets */ = {isa = PBXFileReference; lastKnownFileType = folder.assetcatalog; path = Assets.xcassets; sourceTree = "<group>"; };
		8434E4201C609504004780B1 /* Base */ = {isa = PBXFileReference; lastKnownFileType = file.storyboard; name = Base; path = Base.lproj/LaunchScreen.storyboard; sourceTree = "<group>"; };
		8434E4221C609504004780B1 /* Info.plist */ = {isa = PBXFileReference; lastKnownFileType = text.plist.xml; path = Info.plist; sourceTree = "<group>"; };
		8434E4281C609568004780B1 /* detail.txt */ = {isa = PBXFileReference; fileEncoding = 4; lastKnownFileType = text; path = detail.txt; sourceTree = "<group>"; };
		8434E42A1C609622004780B1 /* SHLabel.h */ = {isa = PBXFileReference; fileEncoding = 4; lastKnownFileType = sourcecode.c.h; path = SHLabel.h; sourceTree = "<group>"; };
		8434E42B1C609622004780B1 /* SHLabel.m */ = {isa = PBXFileReference; fileEncoding = 4; lastKnownFileType = sourcecode.c.objc; path = SHLabel.m; sourceTree = "<group>"; };
/* End PBXFileReference section */

/* Begin PBXFrameworksBuildPhase section */
		8434E40B1C609504004780B1 /* Frameworks */ = {
			isa = PBXFrameworksBuildPhase;
			buildActionMask = 2147483647;
			files = (
			);
			runOnlyForDeploymentPostprocessing = 0;
		};
/* End PBXFrameworksBuildPhase section */

/* Begin PBXGroup section */
		8434E4051C609504004780B1 = {
			isa = PBXGroup;
			children = (
				8434E4101C609504004780B1 /* SHMenuController */,
				8434E40F1C609504004780B1 /* Products */,
			);
			sourceTree = "<group>";
		};
		8434E40F1C609504004780B1 /* Products */ = {
			isa = PBXGroup;
			children = (
				8434E40E1C609504004780B1 /* SHMenuController.app */,
			);
			name = Products;
			sourceTree = "<group>";
		};
		8434E4101C609504004780B1 /* SHMenuController */ = {
			isa = PBXGroup;
			children = (
				8434E4141C609504004780B1 /* AppDelegate.h */,
				8434E4151C609504004780B1 /* AppDelegate.m */,
				8434E4171C609504004780B1 /* ViewController.h */,
				8434E4181C609504004780B1 /* ViewController.m */,
				8434E41A1C609504004780B1 /* Main.storyboard */,
				8434E42A1C609622004780B1 /* SHLabel.h */,
				8434E42B1C609622004780B1 /* SHLabel.m */,
				8434E41D1C609504004780B1 /* Assets.xcassets */,
				8434E41F1C609504004780B1 /* LaunchScreen.storyboard */,
				8434E4221C609504004780B1 /* Info.plist */,
				8434E4111C609504004780B1 /* Supporting Files */,
				8434E4281C609568004780B1 /* detail.txt */,
			);
			path = SHMenuController;
			sourceTree = "<group>";
		};
		8434E4111C609504004780B1 /* Supporting Files */ = {
			isa = PBXGroup;
			children = (
				8434E4121C609504004780B1 /* main.m */,
			);
			name = "Supporting Files";
			sourceTree = "<group>";
		};
/* End PBXGroup section */

/* Begin PBXNativeTarget section */
		8434E40D1C609504004780B1 /* SHMenuController */ = {
			isa = PBXNativeTarget;
			buildConfigurationList = 8434E4251C609504004780B1 /* Build configuration list for PBXNativeTarget "SHMenuController" */;
			buildPhases = (
				8434E40A1C609504004780B1 /* Sources */,
				8434E40B1C609504004780B1 /* Frameworks */,
				8434E40C1C609504004780B1 /* Resources */,
			);
			buildRules = (
			);
			dependencies = (
			);
			name = SHMenuController;
			productName = SHMenuController;
			productReference = 8434E40E1C609504004780B1 /* SHMenuController.app */;
			productType = "com.apple.product-type.application";
		};
/* End PBXNativeTarget section */

/* Begin PBXProject section */
		8434E4061C609504004780B1 /* Project object */ = {
			isa = PBXProject;
			attributes = {
				LastUpgradeCheck = 0710;
				ORGANIZATIONNAME = admin;
				TargetAttributes = {
					8434E40D1C609504004780B1 = {
						CreatedOnToolsVersion = 7.1;
					};
				};
			};
			buildConfigurationList = 8434E4091C609504004780B1 /* Build configuration list for PBXProject "SHMenuController" */;
			compatibilityVersion = "Xcode 3.2";
			developmentRegion = English;
			hasScannedForEncodings = 0;
			knownRegions = (
				en,
				Base,
			);
			mainGroup = 8434E4051C609504004780B1;
			productRefGroup = 8434E40F1C609504004780B1 /* Products */;
			projectDirPath = "";
			projectRoot = "";
			targets = (
				8434E40D1C609504004780B1 /* SHMenuController */,
			);
		};
/* End PBXProject section */

/* Begin PBXResourcesBuildPhase section */
		8434E40C1C609504004780B1 /* Resources */ = {
			isa = PBXResourcesBuildPhase;
			buildActionMask = 2147483647;
			files = (
				8434E4211C609504004780B1 /* LaunchScreen.storyboard in Resources */,
				8434E41E1C609504004780B1 /* Assets.xcassets in Resources */,
				8434E41C1C609504004780B1 /* Main.storyboard in Resources */,
				8434E4291C609568004780B1 /* detail.txt in Resources */,
			);
			runOnlyForDeploymentPostprocessing = 0;
		};
/* End PBXResourcesBuildPhase section */

/* Begin PBXSourcesBuildPhase section */
		8434E40A1C609504004780B1 /* Sources */ = {
			isa = PBXSourcesBuildPhase;
			buildActionMask = 2147483647;
			files = (
				8434E4191C609504004780B1 /* ViewController.m in Sources */,
				8434E4161C609504004780B1 /* AppDelegate.m in Sources */,
				8434E4131C609504004780B1 /* main.m in Sources */,
				8434E42C1C609622004780B1 /* SHLabel.m in Sources */,
			);
			runOnlyForDeploymentPostprocessing = 0;
		};
/* End PBXSourcesBuildPhase section */

/* Begin PBXVariantGroup section */
		8434E41A1C609504004780B1 /* Main.storyboard */ = {
			isa = PBXVariantGroup;
			children = (
				8434E41B1C609504004780B1 /* Base */,
			);
			name = Main.storyboard;
			sourceTree = "<group>";
		};
		8434E41F1C609504004780B1 /* LaunchScreen.storyboard */ = {
			isa = PBXVariantGroup;
			children = (
				8434E4201C609504004780B1 /* Base */,
			);
			name = LaunchScreen.storyboard;
			sourceTree = "<group>";
		};
/* End PBXVariantGroup section */

/* Begin XCBuildConfiguration section */
		8434E4231C609504004780B1 /* Debug */ = {
			isa = XCBuildConfiguration;
			buildSettings = {
				ALWAYS_SEARCH_USER_PATHS = NO;
				CLANG_CXX_LANGUAGE_STANDARD = "gnu++0x";
				CLANG_CXX_LIBRARY = "libc++";
				CLANG_ENABLE_MODULES = YES;
				CLANG_ENABLE_OBJC_ARC = YES;
				CLANG_WARN_BOOL_CONVERSION = YES;
				CLANG_WARN_CONSTANT_CONVERSION = YES;
				CLANG_WARN_DIRECT_OBJC_ISA_USAGE = YES_ERROR;
				CLANG_WARN_EMPTY_BODY = YES;
				CLANG_WARN_ENUM_CONVERSION = YES;
				CLANG_WARN_INT_CONVERSION = YES;
				CLANG_WARN_OBJC_ROOT_CLASS = YES_ERROR;
				CLANG_WARN_UNREACHABLE_CODE = YES;
				CLANG_WARN__DUPLICATE_METHOD_MATCH = YES;
				"CODE_SIGN_IDENTITY[sdk=iphoneos*]" = "iPhone Developer";
				COPY_PHASE_STRIP = NO;
				DEBUG_INFORMATION_FORMAT = dwarf;
				ENABLE_STRICT_OBJC_MSGSEND = YES;
				ENABLE_TESTABILITY = YES;
				GCC_C_LANGUAGE_STANDARD = gnu99;
				GCC_DYNAMIC_NO_PIC = NO;
				GCC_NO_COMMON_BLOCKS = YES;
				GCC_OPTIMIZATION_LEVEL = 0;
				GCC_PREPROCESSOR_DEFINITIONS = (
					"DEBUG=1",
					"$(inherited)",
				);
				GCC_WARN_64_TO_32_BIT_CONVERSION = YES;
				GCC_WARN_ABOUT_RETURN_TYPE = YES_ERROR;
				GCC_WARN_UNDECLARED_SELECTOR = YES;
				GCC_WARN_UNINITIALIZED_AUTOS = YES_AGGRESSIVE;
				GCC_WARN_UNUSED_FUNCTION = YES;
				GCC_WARN_UNUSED_VARIABLE = YES;
				IPHONEOS_DEPLOYMENT_TARGET = 9.1;
				MTL_ENABLE_DEBUG_INFO = YES;
				ONLY_ACTIVE_ARCH = YES;
				SDKROOT = iphoneos;
			};
			name = Debug;
		};
		8434E4241C609504004780B1 /* Release */ = {
			isa = XCBuildConfiguration;
			buildSettings = {
				ALWAYS_SEARCH_USER_PATHS = NO;
				CLANG_CXX_LANGUAGE_STANDARD = "gnu++0x";
				CLANG_CXX_LIBRARY = "libc++";
				CLANG_ENABLE_MODULES = YES;
				CLANG_ENABLE_OBJC_ARC = YES;
				CLANG_WARN_BOOL_CONVERSION = YES;
				CLANG_WARN_CONSTANT_CONVERSION = YES;
				CLANG_WARN_DIRECT_OBJC_ISA_USAGE = YES_ERROR;
				CLANG_WARN_EMPTY_BODY = YES;
				CLANG_WARN_ENUM_CONVERSION = YES;
				CLANG_WARN_INT_CONVERSION = YES;
				CLANG_WARN_OBJC_ROOT_CLASS = YES_ERROR;
				CLANG_WARN_UNREACHABLE_CODE = YES;
				CLANG_WARN__DUPLICATE_METHOD_MATCH = YES;
				"CODE_SIGN_IDENTITY[sdk=iphoneos*]" = "iPhone Developer";
				COPY_PHASE_STRIP = NO;
				DEBUG_INFORMATION_FORMAT = "dwarf-with-dsym";
				ENABLE_NS_ASSERTIONS = NO;
				ENABLE_STRICT_OBJC_MSGSEND = YES;
				GCC_C_LANGUAGE_STANDARD = gnu99;
				GCC_NO_COMMON_BLOCKS = YES;
				GCC_WARN_64_TO_32_BIT_CONVERSION = YES;
				GCC_WARN_ABOUT_RETURN_TYPE = YES_ERROR;
				GCC_WARN_UNDECLARED_SELECTOR = YES;
				GCC_WARN_UNINITIALIZED_AUTOS = YES_AGGRESSIVE;
				GCC_WARN_UNUSED_FUNCTION = YES;
				GCC_WARN_UNUSED_VARIABLE = YES;
				IPHONEOS_DEPLOYMENT_TARGET = 9.1;
				MTL_ENABLE_DEBUG_INFO = NO;
				SDKROOT = iphoneos;
				VALIDATE_PRODUCT = YES;
			};
			name = Release;
		};
		8434E4261C609504004780B1 /* Debug */ = {
			isa = XCBuildConfiguration;
			buildSettings = {
				ASSETCATALOG_COMPILER_APPICON_NAME = AppIcon;
				INFOPLIST_FILE = SHMenuController/Info.plist;
				LD_RUNPATH_SEARCH_PATHS = "$(inherited) @executable_path/Frameworks";
				PRODUCT_BUNDLE_IDENTIFIER = songhang.SHMenuController;
				PRODUCT_NAME = "$(TARGET_NAME)";
			};
			name = Debug;
		};
		8434E4271C609504004780B1 /* Release */ = {
			isa = XCBuildConfiguration;
			buildSettings = {
				ASSETCATALOG_COMPILER_APPICON_NAME = AppIcon;
				INFOPLIST_FILE = SHMenuController/Info.plist;
				LD_RUNPATH_SEARCH_PATHS = "$(inherited) @executable_path/Frameworks";
				PRODUCT_BUNDLE_IDENTIFIER = songhang.SHMenuController;
				PRODUCT_NAME = "$(TARGET_NAME)";
			};
			name = Release;
		};
/* End XCBuildConfiguration section */

/* Begin XCConfigurationList section */
		8434E4091C609504004780B1 /* Build configuration list for PBXProject "SHMenuController" */ = {
			isa = XCConfigurationList;
			buildConfigurations = (
				8434E4231C609504004780B1 /* Debug */,
				8434E4241C609504004780B1 /* Release */,
			);
			defaultConfigurationIsVisible = 0;
			defaultConfigurationName = Release;
		};
		8434E4251C609504004780B1 /* Build configuration list for PBXNativeTarget "SHMenuController" */ = {
			isa = XCConfigurationList;
			buildConfigurations = (
				8434E4261C609504004780B1 /* Debug */,
				8434E4271C609504004780B1 /* Release */,
			);
			defaultConfigurationIsVisible = 0;
		};
/* End XCConfigurationList section */
	};
	rootObject = 8434E4061C609504004780B1 /* Project object */;
}
